<?xml version="1.0" encoding="utf-8"?>
<Project ToolsVersion="4.0" xmlns="http://schemas.microsoft.com/developer/msbuild/2003">
  <ItemGroup>
    <ClCompile Include="Inventario.cpp">
      <Filter>Inventario</Filter>
    </ClCompile>
    <ClCompile Include="Personagem.cpp">
      <Filter>Personagem</Filter>
    </ClCompile>
    <ClCompile Include="ItemInventario.cpp">
      <Filter>ItensInventario</Filter>
    </ClCompile>
    <ClCompile Include="CadeiraItem.cpp">
      <Filter>CadeiraItem</Filter>
    </ClCompile>
    <ClCompile Include="Jogo.cpp">
      <Filter>Jogo</Filter>
    </ClCompile>
    <ClCompile Include="main.cpp">
      <Filter>Main</Filter>
    </ClCompile>
    <ClCompile Include="Pessoa.cpp">
      <Filter>Pessoa</Filter>
    </ClCompile>
    <ClCompile Include="Idoso.cpp">
      <Filter>Pessoa</Filter>
    </ClCompile>
    <ClCompile Include="Jovem.cpp">
      <Filter>Pessoa</Filter>
    </ClCompile>
    <ClCompile Include="Recorde.cpp">
      <Filter>Recorde</Filter>
    </ClCompile>
    <ClCompile Include="HighScores.cpp">
      <Filter>Recorde</Filter>
    </ClCompile>
    <ClCompile Include="Bonus.cpp">
      <Filter>Bonus</Filter>
    </ClCompile>
  </ItemGroup>
  <ItemGroup>
    <ClInclude Include="Inventario.h">
      <Filter>Inventario</Filter>
    </ClInclude>
    <ClInclude Include="Personagem.h">
      <Filter>Personagem</Filter>
    </ClInclude>
    <ClInclude Include="ItemInventario.h">
      <Filter>ItensInventario</Filter>
    </ClInclude>
    <ClInclude Include="CadeiraItem.h">
      <Filter>CadeiraItem</Filter>
    </ClInclude>
    <ClInclude Include="Jogo.h">
      <Filter>Jogo</Filter>
    </ClInclude>
    <ClInclude Include="Pessoa.h">
      <Filter>Pessoa</Filter>
    </ClInclude>
    <ClInclude Include="Idoso.h">
      <Filter>Pessoa</Filter>
    </ClInclude>
    <ClInclude Include="Jovem.h">
      <Filter>Pessoa</Filter>
    </ClInclude>
    <ClInclude Include="Recorde.h">
      <Filter>Recorde</Filter>
    </ClInclude>
    <ClInclude Include="HighScores.h">
      <Filter>Recorde</Filter>
    </ClInclude>
    <ClInclude Include="Bonus.h">
      <Filter>Bonus</Filter>
    </ClInclude>
  </ItemGroup>
  <ItemGroup>
    <Filter Include="Inventario">
      <UniqueIdentifier>{731c1564-a7d8-405d-9b75-81d89d26fe57}</UniqueIdentifier>
    </Filter>
    <Filter Include="Personagem">
      <UniqueIdentifier>{3ec35fdb-f355-4415-9277-1873a72b21cb}</UniqueIdentifier>
    </Filter>
    <Filter Include="ItensInventario">
      <UniqueIdentifier>{72659d4a-5d94-4ec9-b75e-10d7ca77a1be}</UniqueIdentifier>
    </Filter>
    <Filter Include="CadeiraItem">
      <UniqueIdentifier>{40843dfc-e16b-4860-b3e1-7fb26cac7ea1}</UniqueIdentifier>
    </Filter>
    <Filter Include="Jogo">
      <UniqueIdentifier>{ca2457c4-32b6-488b-96c9-cd1d8f1124b4}</UniqueIdentifier>
    </Filter>
    <Filter Include="Main">
      <UniqueIdentifier>{6bf07dc2-6857-4c8f-a312-26877de5d8d4}</UniqueIdentifier>
    </Filter>
    <Filter Include="Pessoa">
      <UniqueIdentifier>{60c5f6f4-59d9-4f1a-b046-2f73514fbbd9}</UniqueIdentifier>
    </Filter>
    <Filter Include="Recorde">
      <UniqueIdentifier>{96e80287-a2b8-4cb5-9606-0ceee4e56fa4}</UniqueIdentifier>
    </Filter>
    <Filter Include="Bonus">
      <UniqueIdentifier>{4b3d448a-8c6a-4e0e-9f15-f61dd160ef1b}</UniqueIdentifier>
    </Filter>
  </ItemGroup>
  <ItemGroup>
    <Image Include="bin\assets\background\Arena Tileset.png" />
    <Image Include="bin\assets\background\arena_castle_672x320.png" />
    <Image Include="bin\assets\background\arena_city_672x320.png" />
    <Image Include="bin\assets\background\arena_minecraft_672x320.png" />
    <Image Include="bin\assets\background\arena_modern_672x320.png" />
    <Image Include="bin\assets\background\arena_sand_672x320.png" />
    <Image Include="bin\assets\background\arena_stone_672x320.png" />
    <Image Include="bin\assets\background\arena_tiled_672x320.png" />
    <Image Include="bin\assets\background\arena_zelda_672x320.png" />
    <Image Include="bin\assets\background\battle_arena_800x384.png" />
    <Image Include="bin\assets\background\beate-nieuwoudt-arena-03-closeup.jpg" />
    <Image Include="bin\assets\char\bolsonaro.png" />
    <Image Include="bin\assets\char\bonus.png" />
    <Image Include="bin\assets\char\doente.png" />
    <Image Include="bin\assets\char\idoso.png" />
    <Image Include="bin\assets\char\jovem.png" />
    <Image Include="bin\assets\char\poderoso.png" />
    <Image Include="bin\assets\mapa\png\bed.png" />
    <Image Include="bin\assets\mapa\png\bed_carpet.png" />
    <Image Include="bin\assets\mapa\png\bed_room.png" />
    <Image Include="bin\assets\mapa\png\bed_room_full.png" />
    <Image Include="bin\assets\mapa\png\books.png" />
    <Image Include="bin\assets\mapa\png\box.png" />
    <Image Include="bin\assets\mapa\png\carpet.png" />
    <Image Include="bin\assets\mapa\png\chair.png" />
    <Image Include="bin\assets\mapa\png\closet_01.png" />
    <Image Include="bin\assets\mapa\png\closet_02.png" />
    <Image Include="bin\assets\mapa\png\nightstand.png" />
    <Image Include="bin\assets\mapa\png\pc.png" />
    <Image Include="bin\assets\mapa\png\pc_table.png" />
    <Image Include="bin\assets\mapa\png\pen_cup.png" />
    <Image Include="bin\assets\mapa\png\pinpng.com-android-settings-icon-png-3278354.png" />
    <Image Include="bin\assets\mapa\png\table.png" />
    <Image Include="bin\assets\mapa\png\tileset_campo.png" />
    <Image Include="bin\assets\mapa\png\trash.png" />
    <Image Include="bin\assets\tilesets\blue_knight_288x160.png" />
    <Image Include="bin\assets\tilesets\eletric_dragon_288x160.png" />
    <Image Include="bin\assets\tilesets\gold_warrior_288x160.png" />
    <Image Include="bin\assets\tilesets\green_wave_288x160.png" />
    <Image Include="bin\assets\tilesets\hero_288x160.png" />
    <Image Include="bin\assets\tilesets\jedi_288x160.png" />
    <Image Include="bin\assets\tilesets\knight_288x160.png" />
    <Image Include="bin\assets\tilesets\light_saber_288x160.png" />
    <Image Include="bin\assets\tilesets\magic_288x160.png" />
    <Image Include="bin\assets\tilesets\objects_32x32.png" />
    <Image Include="bin\assets\tilesets\panda_288x160.png" />
    <Image Include="bin\assets\tilesets\samurai_288x160.png" />
    <Image Include="bin\assets\tilesets\skeleton_warrior288x160.png" />
    <Image Include="bin\assets\tilesets\tiger_warrior_288x160.png" />
    <Image Include="bin\assets\tilesets\vulcan_288x160.png" />
    <Image Include="bin\assets\tilesets\witcher_288x160.png" />
  </ItemGroup>
  <ItemGroup>
    <Text Include="bin\assets\recordes.txt" />
    <Text Include="bin\assets\mapa\campo_config.txt" />
    <Text Include="bin\assets\mapa\png\campo_config.txt" />
  </ItemGroup>
  <ItemGroup>
    <Font Include="bin\fonte_padrao.ttf" />
    <Font Include="bin\assets\texto\F25_Bank_Printer.ttf" />
  </ItemGroup>
  <ItemGroup>
    <None Include="bin\HomeComa-debug.exe" />
    <None Include="bin\HomeComa-debug.ilk" />
    <None Include="bin\HomeComa-debug.pdb" />
    <None Include="bin\libFLAC-8.dll" />
    <None Include="bin\libfreetype-6.dll" />
    <None Include="bin\libjpeg-9.dll" />
    <None Include="bin\libmikmod-2.dll" />
    <None Include="bin\libmodplug-1.dll" />
    <None Include="bin\libogg-0.dll" />
    <None Include="bin\libpng16-16.dll" />
    <None Include="bin\libtiff-5.dll" />
    <None Include="bin\libvorbis-0.dll" />
    <None Include="bin\libvorbisfile-3.dll" />
    <None Include="bin\libwebp-4.dll" />
    <None Include="bin\Pandemia-debug.exe" />
    <None Include="bin\Pandemia-debug.ilk" />
    <None Include="bin\Pandemia-debug.pdb" />
    <None Include="bin\SDL2.dll" />
    <None Include="bin\SDL2_image.dll" />
    <None Include="bin\SDL2_mixer.dll" />
    <None Include="bin\SDL2_ttf.dll" />
    <None Include="bin\smpeg2.dll" />
    <None Include="bin\VC_redist.x86.exe" />
    <None Include="bin\Versus-debug.exe" />
    <None Include="bin\Versus-debug.ilk" />
    <None Include="bin\Versus-debug.pdb" />
    <None Include="bin\zlib1.dll" />
    <None Include="bin\assets\char\lcdcondominios-15-05-2020_1449.pdf" />
    <None Include="bin\assets\mapa\mapaSoul.json" />
    <None Include="bin\assets\mapa\novoquarto.json" />
    <None Include="bin\assets\mapa\pandemia.json" />
    <None Include="bin\assets\mapa\q2.json" />
    <None Include="bin\assets\mapa\quarto.json" />
    <None Include="bin\assets\mapa\png\bed_room.psd" />
    <None Include="bin\assets\piskel\blue_knight_288x160.piskel" />
    <None Include="bin\assets\piskel\eletric_dragon_288x160.piskel" />
    <None Include="bin\assets\piskel\gold_warrior_288x160.piskel" />
    <None Include="bin\assets\piskel\green_wave_288x160.piskel" />
    <None Include="bin\assets\piskel\hero_288x160.piskel" />
    <None Include="bin\assets\piskel\jedi_288x160.piskel" />
    <None Include="bin\assets\piskel\knight_288x160.piskel" />
    <None Include="bin\assets\piskel\light_saber_288x160.piskel" />
    <None Include="bin\assets\piskel\magic_288x160.piskel" />
    <None Include="bin\assets\piskel\objects.piskel" />
    <None Include="bin\assets\piskel\objects_32x32.piskel" />
    <None Include="bin\assets\piskel\panda_288x160.piskel" />
    <None Include="bin\assets\piskel\samurai_288x160.piskel" />
    <None Include="bin\assets\piskel\skeleton_warrior288x160.piskel" />
    <None Include="bin\assets\piskel\tiger_warrior_288x160.piskel" />
    <None Include="bin\assets\piskel\vulcan_288x160.piskel" />
    <None Include="bin\assets\piskel\witcher_288x160.piskel" />
  </ItemGroup>
</Project>